{
  "version": 4,
  "terraform_version": "0.12.18",
  "serial": 208,
  "lineage": "4ea4bdab-37a6-56c2-1796-6bc8d143ef0b",
  "outputs": {},
  "resources": [
    {
      "module": "module.instance.module.db",
      "mode": "managed",
      "type": "aws_db_instance",
      "name": "wp_db",
      "provider": "provider.aws",
      "instances": [
        {
          "schema_version": 0,
          "attributes": {
            "address": "terraform-20200113204512738100000001.cqv0j3oyn3yr.eu-west-2.rds.amazonaws.com",
            "allocated_storage": 20,
            "allow_major_version_upgrade": null,
            "apply_immediately": null,
            "arn": "arn:aws:rds:eu-west-2:044463453895:db:terraform-20200113204512738100000001",
            "auto_minor_version_upgrade": true,
            "availability_zone": "eu-west-2a",
            "backup_retention_period": 0,
            "backup_window": "01:37-02:07",
            "ca_cert_identifier": "rds-ca-2015",
            "character_set_name": null,
            "copy_tags_to_snapshot": false,
            "db_subnet_group_name": "default",
            "deletion_protection": false,
            "domain": "",
            "domain_iam_role_name": "",
            "enabled_cloudwatch_logs_exports": [],
            "endpoint": "terraform-20200113204512738100000001.cqv0j3oyn3yr.eu-west-2.rds.amazonaws.com:3306",
            "engine": "mysql",
            "engine_version": "5.7.22",
            "final_snapshot_identifier": null,
            "hosted_zone_id": "Z1TTGA775OQIYO",
            "iam_database_authentication_enabled": false,
            "id": "terraform-20200113204512738100000001",
            "identifier": "terraform-20200113204512738100000001",
            "identifier_prefix": null,
            "instance_class": "db.t2.micro",
            "iops": 0,
            "kms_key_id": "",
            "license_model": "general-public-license",
            "maintenance_window": "thu:22:57-thu:23:27",
            "max_allocated_storage": 0,
            "monitoring_interval": 0,
            "monitoring_role_arn": "",
            "multi_az": false,
            "name": "mydb",
            "option_group_name": "default:mysql-5-7",
            "parameter_group_name": "default.mysql5.7",
            "password": "aDm1n15tratOr",
            "performance_insights_enabled": false,
            "performance_insights_kms_key_id": "",
            "performance_insights_retention_period": 0,
            "port": 3306,
            "publicly_accessible": false,
            "replicas": [],
            "replicate_source_db": "",
            "resource_id": "db-BFAKCXWX2TE5H4MUG7JG3DNZNU",
            "s3_import": [],
            "security_group_names": [],
            "skip_final_snapshot": false,
            "snapshot_identifier": null,
            "status": "available",
            "storage_encrypted": false,
            "storage_type": "gp2",
            "tags": {},
            "timeouts": null,
            "timezone": "",
            "username": "nimda",
            "vpc_security_group_ids": [
              "sg-00ff7e32ab4f5856f"
            ]
          }
        }
      ]
    },
    {
      "module": "module.instance.module.db",
      "mode": "managed",
      "type": "aws_security_group",
      "name": "rds_mysql_sg",
      "provider": "provider.aws",
      "instances": [
        {
          "schema_version": 1,
          "attributes": {
            "arn": "arn:aws:ec2:eu-west-2:044463453895:security-group/sg-00ff7e32ab4f5856f",
            "description": "security group to allow access on port 3306",
            "egress": [
              {
                "cidr_blocks": [],
                "description": "allows mysql access on port 3306",
                "from_port": 3306,
                "ipv6_cidr_blocks": [],
                "prefix_list_ids": [],
                "protocol": "tcp",
                "security_groups": [
                  "sg-06fcbe5edcd3021ca"
                ],
                "self": false,
                "to_port": 3306
              }
            ],
            "id": "sg-00ff7e32ab4f5856f",
            "ingress": [
              {
                "cidr_blocks": [],
                "description": "allows mysql access on port 3306",
                "from_port": 3306,
                "ipv6_cidr_blocks": [],
                "prefix_list_ids": [],
                "protocol": "tcp",
                "security_groups": [
                  "sg-06fcbe5edcd3021ca"
                ],
                "self": false,
                "to_port": 3306
              }
            ],
            "name": "sec-grp-mysql",
            "name_prefix": null,
            "owner_id": "044463453895",
            "revoke_rules_on_delete": false,
            "tags": {
              "Project": "tf-project"
            },
            "timeouts": null,
            "vpc_id": "vpc-1245257a"
          },
          "private": "eyJlMmJmYjczMC1lY2FhLTExZTYtOGY4OC0zNDM2M2JjN2M0YzAiOnsiY3JlYXRlIjo2MDAwMDAwMDAwMDAsImRlbGV0ZSI6NjAwMDAwMDAwMDAwfSwic2NoZW1hX3ZlcnNpb24iOiIxIn0="
        }
      ]
    }
  ]
}
